{
  "name": "cloudflare-api-admin",
  "lockfileVersion": 3,
  "requires": true,
  "packages": {
    "": {
      "dependencies": {
        "@upstash/redis": "^1.28.4",
        "verify-rsa-jwt-cloudflare-worker": "^1.0.6"
      }
    },
    "node_modules/@upstash/redis": {
      "version": "1.28.4",
      "resolved": "https://registry.npmjs.org/@upstash/redis/-/redis-1.28.4.tgz",
      "integrity": "sha512-UalkSAny/dz1m8giEhD3Y5ru1o+CPHI32wFyS3MyzDzj2TRvEN+lTw+mPwi20ojk0H2gs8TBW3qsrvwuLLy+pA==",
      "dependencies": {
        "crypto-js": "^4.2.0"
      }
    },
    "node_modules/crypto-js": {
      "version": "4.2.0",
      "resolved": "https://registry.npmjs.org/crypto-js/-/crypto-js-4.2.0.tgz",
      "integrity": "sha512-KALDyEYgpY+Rlob/iriUtjV6d5Eq+Y191A5g4UqLAi8CyGP9N1+FdVbkc1SxKc2r4YAYqG8JzO2KGL+AizD70Q=="
    },
    "node_modules/verify-rsa-jwt-cloudflare-worker": {
      "version": "1.0.6",
      "resolved": "https://registry.npmjs.org/verify-rsa-jwt-cloudflare-worker/-/verify-rsa-jwt-cloudflare-worker-1.0.6.tgz",
      "integrity": "sha512-7qvLJu88qnBkRhvgNz1XZpoxNFx+WbKnQnu0K5d2WGclfadVb7va7hzeEJ8TP9RBPn7Jkl2gpnBxHlrhJOTQhA=="
    }
  }
}
