{
  "name": "cloudflare-api-admin",
  "lockfileVersion": 3,
  "requires": true,
  "packages": {
    "": {
      "dependencies": {
        "verify-rsa-jwt-cloudflare-worker": "^1.0.6"
      }
    },
    "node_modules/verify-rsa-jwt-cloudflare-worker": {
      "version": "1.0.6",
      "resolved": "https://registry.npmjs.org/verify-rsa-jwt-cloudflare-worker/-/verify-rsa-jwt-cloudflare-worker-1.0.6.tgz",
      "integrity": "sha512-7qvLJu88qnBkRhvgNz1XZpoxNFx+WbKnQnu0K5d2WGclfadVb7va7hzeEJ8TP9RBPn7Jkl2gpnBxHlrhJOTQhA=="
    }
  }
}
